// !$*UTF8*$!
{
	archiveVersion = 1;
	classes = {
	};
	objectVersion = 46;
	objects = {

/* Begin PBXBuildFile section */
		6EDC5E911B3D376200EBB034 /* STKStickersManager.m in Sources */ = {isa = PBXBuildFile; fileRef = 6EDC5E901B3D376200EBB034 /* STKStickersManager.m */; };
		6EDC5EC61B3D637C00EBB034 /* STKUtility.m in Sources */ = {isa = PBXBuildFile; fileRef = 6EDC5EC51B3D637C00EBB034 /* STKUtility.m */; };
		6EDC5ECD1B41309200EBB034 /* STKCoreDataService.m in Sources */ = {isa = PBXBuildFile; fileRef = 6EDC5ECC1B41309200EBB034 /* STKCoreDataService.m */; };
		6EDC5ED01B41328000EBB034 /* CoreData.framework in Frameworks */ = {isa = PBXBuildFile; fileRef = 6EDC5ECF1B41328000EBB034 /* CoreData.framework */; };
		6EDC5ED71B4139E600EBB034 /* StickerModel.xcdatamodeld in Sources */ = {isa = PBXBuildFile; fileRef = 6EDC5ED51B4139E600EBB034 /* StickerModel.xcdatamodeld */; };
		6EDC5EDD1B41406000EBB034 /* NSManagedObjectContext+Additions.m in Sources */ = {isa = PBXBuildFile; fileRef = 6EDC5EDC1B41406000EBB034 /* NSManagedObjectContext+Additions.m */; };
		6EDC5EE31B41687200EBB034 /* NSPersistentStoreCoordinator+Additions.m in Sources */ = {isa = PBXBuildFile; fileRef = 6EDC5EE21B41687200EBB034 /* NSPersistentStoreCoordinator+Additions.m */; };
		6EF2645A1B3C0F830099A657 /* main.m in Sources */ = {isa = PBXBuildFile; fileRef = 6EF264591B3C0F830099A657 /* main.m */; };
		6EF2645D1B3C0F830099A657 /* AppDelegate.m in Sources */ = {isa = PBXBuildFile; fileRef = 6EF2645C1B3C0F830099A657 /* AppDelegate.m */; };
		6EF264601B3C0F830099A657 /* ViewController.m in Sources */ = {isa = PBXBuildFile; fileRef = 6EF2645F1B3C0F830099A657 /* ViewController.m */; };
		6EF264631B3C0F830099A657 /* Main.storyboard in Resources */ = {isa = PBXBuildFile; fileRef = 6EF264611B3C0F830099A657 /* Main.storyboard */; };
		6EF264651B3C0F830099A657 /* Images.xcassets in Resources */ = {isa = PBXBuildFile; fileRef = 6EF264641B3C0F830099A657 /* Images.xcassets */; };
		6EF264681B3C0F830099A657 /* LaunchScreen.xib in Resources */ = {isa = PBXBuildFile; fileRef = 6EF264661B3C0F830099A657 /* LaunchScreen.xib */; };
		6EF264741B3C0F830099A657 /* StickerFactoryTests.m in Sources */ = {isa = PBXBuildFile; fileRef = 6EF264731B3C0F830099A657 /* StickerFactoryTests.m */; };
		6EF264951B3C15950099A657 /* UIImageView+Stickers.m in Sources */ = {isa = PBXBuildFile; fileRef = 6EF264921B3C15950099A657 /* UIImageView+Stickers.m */; };
		DF71B99FAA77DDC25C0F577E /* libPods.a in Frameworks */ = {isa = PBXBuildFile; fileRef = 280EB363112837B81F052E19 /* libPods.a */; };
/* End PBXBuildFile section */

/* Begin PBXContainerItemProxy section */
		6EF2646E1B3C0F830099A657 /* PBXContainerItemProxy */ = {
			isa = PBXContainerItemProxy;
			containerPortal = 6EF2644C1B3C0F830099A657 /* Project object */;
			proxyType = 1;
			remoteGlobalIDString = 6EF264531B3C0F830099A657;
			remoteInfo = StickerFactory;
		};
/* End PBXContainerItemProxy section */

/* Begin PBXFileReference section */
		1AA04EB236AD472CD61382DF /* Pods.debug.xcconfig */ = {isa = PBXFileReference; includeInIndex = 1; lastKnownFileType = text.xcconfig; name = Pods.debug.xcconfig; path = "Pods/Target Support Files/Pods/Pods.debug.xcconfig"; sourceTree = "<group>"; };
		280EB363112837B81F052E19 /* libPods.a */ = {isa = PBXFileReference; explicitFileType = archive.ar; includeInIndex = 0; path = libPods.a; sourceTree = BUILT_PRODUCTS_DIR; };
		5A4CC6B4D3CDAB1319028FAD /* Pods.release.xcconfig */ = {isa = PBXFileReference; includeInIndex = 1; lastKnownFileType = text.xcconfig; name = Pods.release.xcconfig; path = "Pods/Target Support Files/Pods/Pods.release.xcconfig"; sourceTree = "<group>"; };
		6EDC5E8F1B3D376200EBB034 /* STKStickersManager.h */ = {isa = PBXFileReference; fileEncoding = 4; lastKnownFileType = sourcecode.c.h; name = STKStickersManager.h; path = StickerFactory/SDK/STKStickersManager.h; sourceTree = "<group>"; };
		6EDC5E901B3D376200EBB034 /* STKStickersManager.m */ = {isa = PBXFileReference; fileEncoding = 4; lastKnownFileType = sourcecode.c.objc; name = STKStickersManager.m; path = StickerFactory/SDK/STKStickersManager.m; sourceTree = "<group>"; };
		6EDC5EC41B3D637C00EBB034 /* STKUtility.h */ = {isa = PBXFileReference; fileEncoding = 4; lastKnownFileType = sourcecode.c.h; name = STKUtility.h; path = StickerFactory/SDK/STKUtility.h; sourceTree = "<group>"; };
		6EDC5EC51B3D637C00EBB034 /* STKUtility.m */ = {isa = PBXFileReference; fileEncoding = 4; lastKnownFileType = sourcecode.c.objc; name = STKUtility.m; path = StickerFactory/SDK/STKUtility.m; sourceTree = "<group>"; };
		6EDC5ECB1B41309200EBB034 /* STKCoreDataService.h */ = {isa = PBXFileReference; fileEncoding = 4; lastKnownFileType = sourcecode.c.h; name = STKCoreDataService.h; path = StickerFactory/SDK/CoreDataService/STKCoreDataService.h; sourceTree = "<group>"; };
		6EDC5ECC1B41309200EBB034 /* STKCoreDataService.m */ = {isa = PBXFileReference; fileEncoding = 4; lastKnownFileType = sourcecode.c.objc; name = STKCoreDataService.m; path = StickerFactory/SDK/CoreDataService/STKCoreDataService.m; sourceTree = "<group>"; };
		6EDC5ECF1B41328000EBB034 /* CoreData.framework */ = {isa = PBXFileReference; lastKnownFileType = wrapper.framework; name = CoreData.framework; path = System/Library/Frameworks/CoreData.framework; sourceTree = SDKROOT; };
		6EDC5ED61B4139E600EBB034 /* StickerModel.xcdatamodel */ = {isa = PBXFileReference; lastKnownFileType = wrapper.xcdatamodel; path = StickerModel.xcdatamodel; sourceTree = "<group>"; };
		6EDC5EDB1B41406000EBB034 /* NSManagedObjectContext+Additions.h */ = {isa = PBXFileReference; fileEncoding = 4; lastKnownFileType = sourcecode.c.h; name = "NSManagedObjectContext+Additions.h"; path = "StickerFactory/SDK/CoreDataService/NSManagedObjectContext+Additions.h"; sourceTree = "<group>"; };
		6EDC5EDC1B41406000EBB034 /* NSManagedObjectContext+Additions.m */ = {isa = PBXFileReference; fileEncoding = 4; lastKnownFileType = sourcecode.c.objc; name = "NSManagedObjectContext+Additions.m"; path = "StickerFactory/SDK/CoreDataService/NSManagedObjectContext+Additions.m"; sourceTree = "<group>"; };
		6EDC5EE11B41687200EBB034 /* NSPersistentStoreCoordinator+Additions.h */ = {isa = PBXFileReference; fileEncoding = 4; lastKnownFileType = sourcecode.c.h; name = "NSPersistentStoreCoordinator+Additions.h"; path = "StickerFactory/SDK/CoreDataService/NSPersistentStoreCoordinator+Additions.h"; sourceTree = "<group>"; };
		6EDC5EE21B41687200EBB034 /* NSPersistentStoreCoordinator+Additions.m */ = {isa = PBXFileReference; fileEncoding = 4; lastKnownFileType = sourcecode.c.objc; name = "NSPersistentStoreCoordinator+Additions.m"; path = "StickerFactory/SDK/CoreDataService/NSPersistentStoreCoordinator+Additions.m"; sourceTree = "<group>"; };
		6EF264541B3C0F830099A657 /* StickerFactory.app */ = {isa = PBXFileReference; explicitFileType = wrapper.application; includeInIndex = 0; path = StickerFactory.app; sourceTree = BUILT_PRODUCTS_DIR; };
		6EF264581B3C0F830099A657 /* Info.plist */ = {isa = PBXFileReference; lastKnownFileType = text.plist.xml; path = Info.plist; sourceTree = "<group>"; };
		6EF264591B3C0F830099A657 /* main.m */ = {isa = PBXFileReference; lastKnownFileType = sourcecode.c.objc; path = main.m; sourceTree = "<group>"; };
		6EF2645B1B3C0F830099A657 /* AppDelegate.h */ = {isa = PBXFileReference; lastKnownFileType = sourcecode.c.h; path = AppDelegate.h; sourceTree = "<group>"; };
		6EF2645C1B3C0F830099A657 /* AppDelegate.m */ = {isa = PBXFileReference; lastKnownFileType = sourcecode.c.objc; path = AppDelegate.m; sourceTree = "<group>"; };
		6EF2645E1B3C0F830099A657 /* ViewController.h */ = {isa = PBXFileReference; lastKnownFileType = sourcecode.c.h; path = ViewController.h; sourceTree = "<group>"; };
		6EF2645F1B3C0F830099A657 /* ViewController.m */ = {isa = PBXFileReference; lastKnownFileType = sourcecode.c.objc; path = ViewController.m; sourceTree = "<group>"; };
		6EF264621B3C0F830099A657 /* Base */ = {isa = PBXFileReference; lastKnownFileType = file.storyboard; name = Base; path = Base.lproj/Main.storyboard; sourceTree = "<group>"; };
		6EF264641B3C0F830099A657 /* Images.xcassets */ = {isa = PBXFileReference; lastKnownFileType = folder.assetcatalog; path = Images.xcassets; sourceTree = "<group>"; };
		6EF264671B3C0F830099A657 /* Base */ = {isa = PBXFileReference; lastKnownFileType = file.xib; name = Base; path = Base.lproj/LaunchScreen.xib; sourceTree = "<group>"; };
		6EF2646D1B3C0F830099A657 /* StickerFactoryTests.xctest */ = {isa = PBXFileReference; explicitFileType = wrapper.cfbundle; includeInIndex = 0; path = StickerFactoryTests.xctest; sourceTree = BUILT_PRODUCTS_DIR; };
		6EF264721B3C0F830099A657 /* Info.plist */ = {isa = PBXFileReference; lastKnownFileType = text.plist.xml; path = Info.plist; sourceTree = "<group>"; };
		6EF264731B3C0F830099A657 /* StickerFactoryTests.m */ = {isa = PBXFileReference; lastKnownFileType = sourcecode.c.objc; path = StickerFactoryTests.m; sourceTree = "<group>"; };
		6EF2648E1B3C15950099A657 /* STKStickerFactory.h */ = {isa = PBXFileReference; fileEncoding = 4; lastKnownFileType = sourcecode.c.h; name = STKStickerFactory.h; path = StickerFactory/SDK/STKStickerFactory.h; sourceTree = "<group>"; };
		6EF264911B3C15950099A657 /* UIImageView+Stickers.h */ = {isa = PBXFileReference; fileEncoding = 4; lastKnownFileType = sourcecode.c.h; name = "UIImageView+Stickers.h"; path = "StickerFactory/SDK/UIImageView+Stickers.h"; sourceTree = "<group>"; };
		6EF264921B3C15950099A657 /* UIImageView+Stickers.m */ = {isa = PBXFileReference; fileEncoding = 4; lastKnownFileType = sourcecode.c.objc; name = "UIImageView+Stickers.m"; path = "StickerFactory/SDK/UIImageView+Stickers.m"; sourceTree = "<group>"; };
/* End PBXFileReference section */

/* Begin PBXFrameworksBuildPhase section */
		6EF264511B3C0F830099A657 /* Frameworks */ = {
			isa = PBXFrameworksBuildPhase;
			buildActionMask = 2147483647;
			files = (
				6EDC5ED01B41328000EBB034 /* CoreData.framework in Frameworks */,
				DF71B99FAA77DDC25C0F577E /* libPods.a in Frameworks */,
			);
			runOnlyForDeploymentPostprocessing = 0;
		};
		6EF2646A1B3C0F830099A657 /* Frameworks */ = {
			isa = PBXFrameworksBuildPhase;
			buildActionMask = 2147483647;
			files = (
			);
			runOnlyForDeploymentPostprocessing = 0;
		};
/* End PBXFrameworksBuildPhase section */

/* Begin PBXGroup section */
		47FB3E470E9D34BB5596AC37 /* Frameworks */ = {
			isa = PBXGroup;
			children = (
				6EDC5ECF1B41328000EBB034 /* CoreData.framework */,
				280EB363112837B81F052E19 /* libPods.a */,
			);
			name = Frameworks;
			sourceTree = "<group>";
		};
		65DF010521239CF1FEE738E4 /* Pods */ = {
			isa = PBXGroup;
			children = (
				1AA04EB236AD472CD61382DF /* Pods.debug.xcconfig */,
				5A4CC6B4D3CDAB1319028FAD /* Pods.release.xcconfig */,
			);
			name = Pods;
			sourceTree = "<group>";
		};
		6EDC5ECA1B41305500EBB034 /* CoreDataService */ = {
			isa = PBXGroup;
			children = (
				6EDC5ED11B4138B800EBB034 /* Models */,
				6EDC5ECB1B41309200EBB034 /* STKCoreDataService.h */,
				6EDC5ECC1B41309200EBB034 /* STKCoreDataService.m */,
				6EDC5EDB1B41406000EBB034 /* NSManagedObjectContext+Additions.h */,
				6EDC5EDC1B41406000EBB034 /* NSManagedObjectContext+Additions.m */,
				6EDC5EE11B41687200EBB034 /* NSPersistentStoreCoordinator+Additions.h */,
				6EDC5EE21B41687200EBB034 /* NSPersistentStoreCoordinator+Additions.m */,
			);
			name = CoreDataService;
			sourceTree = "<group>";
		};
		6EDC5ED11B4138B800EBB034 /* Models */ = {
			isa = PBXGroup;
			children = (
				6EDC5ED51B4139E600EBB034 /* StickerModel.xcdatamodeld */,
				6EDC5ED91B413A5200EBB034 /* Machine */,
				6EDC5ED81B413A4400EBB034 /* Human */,
			);
			name = Models;
			sourceTree = "<group>";
		};
		6EDC5ED81B413A4400EBB034 /* Human */ = {
			isa = PBXGroup;
			children = (
			);
			name = Human;
			sourceTree = "<group>";
		};
		6EDC5ED91B413A5200EBB034 /* Machine */ = {
			isa = PBXGroup;
			children = (
			);
			name = Machine;
			sourceTree = "<group>";
		};
		6EDC5EE41B4173D600EBB034 /* Core */ = {
			isa = PBXGroup;
			children = (
				6EDC5E8F1B3D376200EBB034 /* STKStickersManager.h */,
				6EDC5E901B3D376200EBB034 /* STKStickersManager.m */,
				6EF264911B3C15950099A657 /* UIImageView+Stickers.h */,
				6EF264921B3C15950099A657 /* UIImageView+Stickers.m */,
				6EDC5EC41B3D637C00EBB034 /* STKUtility.h */,
				6EDC5EC51B3D637C00EBB034 /* STKUtility.m */,
			);
			name = Core;
			sourceTree = "<group>";
		};
		6EF2644B1B3C0F830099A657 = {
			isa = PBXGroup;
			children = (
				6EF264561B3C0F830099A657 /* StickerFactory */,
				6EF264701B3C0F830099A657 /* StickerFactoryTests */,
				6EF264551B3C0F830099A657 /* Products */,
				65DF010521239CF1FEE738E4 /* Pods */,
				47FB3E470E9D34BB5596AC37 /* Frameworks */,
			);
			sourceTree = "<group>";
		};
		6EF264551B3C0F830099A657 /* Products */ = {
			isa = PBXGroup;
			children = (
				6EF264541B3C0F830099A657 /* StickerFactory.app */,
				6EF2646D1B3C0F830099A657 /* StickerFactoryTests.xctest */,
			);
			name = Products;
			sourceTree = "<group>";
		};
		6EF264561B3C0F830099A657 /* StickerFactory */ = {
			isa = PBXGroup;
			children = (
				6EF2647D1B3C0FB70099A657 /* SDK */,
				6EF2645B1B3C0F830099A657 /* AppDelegate.h */,
				6EF2645C1B3C0F830099A657 /* AppDelegate.m */,
				6EF2645E1B3C0F830099A657 /* ViewController.h */,
				6EF2645F1B3C0F830099A657 /* ViewController.m */,
				6EF264611B3C0F830099A657 /* Main.storyboard */,
				6EF264641B3C0F830099A657 /* Images.xcassets */,
				6EF264661B3C0F830099A657 /* LaunchScreen.xib */,
				6EF264571B3C0F830099A657 /* Supporting Files */,
			);
			path = StickerFactory;
			sourceTree = "<group>";
		};
		6EF264571B3C0F830099A657 /* Supporting Files */ = {
			isa = PBXGroup;
			children = (
				6EF264581B3C0F830099A657 /* Info.plist */,
				6EF264591B3C0F830099A657 /* main.m */,
			);
			name = "Supporting Files";
			sourceTree = "<group>";
		};
		6EF264701B3C0F830099A657 /* StickerFactoryTests */ = {
			isa = PBXGroup;
			children = (
				6EF264731B3C0F830099A657 /* StickerFactoryTests.m */,
				6EF264711B3C0F830099A657 /* Supporting Files */,
			);
			path = StickerFactoryTests;
			sourceTree = "<group>";
		};
		6EF264711B3C0F830099A657 /* Supporting Files */ = {
			isa = PBXGroup;
			children = (
				6EF264721B3C0F830099A657 /* Info.plist */,
			);
			name = "Supporting Files";
			sourceTree = "<group>";
		};
		6EF2647D1B3C0FB70099A657 /* SDK */ = {
			isa = PBXGroup;
			children = (
				6EF2648E1B3C15950099A657 /* STKStickerFactory.h */,
				6EDC5EE41B4173D600EBB034 /* Core */,
				6EDC5ECA1B41305500EBB034 /* CoreDataService */,
			);
			name = SDK;
			path = ..;
			sourceTree = "<group>";
		};
/* End PBXGroup section */

/* Begin PBXNativeTarget section */
		6EF264531B3C0F830099A657 /* StickerFactory */ = {
			isa = PBXNativeTarget;
			buildConfigurationList = 6EF264771B3C0F830099A657 /* Build configuration list for PBXNativeTarget "StickerFactory" */;
			buildPhases = (
				CE9DB4273D6D7C917EA92818 /* Check Pods Manifest.lock */,
				6EF264501B3C0F830099A657 /* Sources */,
				6EF264511B3C0F830099A657 /* Frameworks */,
				6EF264521B3C0F830099A657 /* Resources */,
				3818035BAD5BBEC0740E9E3A /* Copy Pods Resources */,
			);
			buildRules = (
			);
			dependencies = (
			);
			name = StickerFactory;
			productName = StickerFactory;
			productReference = 6EF264541B3C0F830099A657 /* StickerFactory.app */;
			productType = "com.apple.product-type.application";
		};
		6EF2646C1B3C0F830099A657 /* StickerFactoryTests */ = {
			isa = PBXNativeTarget;
			buildConfigurationList = 6EF2647A1B3C0F830099A657 /* Build configuration list for PBXNativeTarget "StickerFactoryTests" */;
			buildPhases = (
				6EF264691B3C0F830099A657 /* Sources */,
				6EF2646A1B3C0F830099A657 /* Frameworks */,
				6EF2646B1B3C0F830099A657 /* Resources */,
			);
			buildRules = (
			);
			dependencies = (
				6EF2646F1B3C0F830099A657 /* PBXTargetDependency */,
			);
			name = StickerFactoryTests;
			productName = StickerFactoryTests;
			productReference = 6EF2646D1B3C0F830099A657 /* StickerFactoryTests.xctest */;
			productType = "com.apple.product-type.bundle.unit-test";
		};
/* End PBXNativeTarget section */

/* Begin PBXProject section */
		6EF2644C1B3C0F830099A657 /* Project object */ = {
			isa = PBXProject;
			attributes = {
				LastUpgradeCheck = 0630;
				ORGANIZATIONNAME = "908 Inc";
				TargetAttributes = {
					6EF264531B3C0F830099A657 = {
						CreatedOnToolsVersion = 6.3.2;
					};
					6EF2646C1B3C0F830099A657 = {
						CreatedOnToolsVersion = 6.3.2;
						TestTargetID = 6EF264531B3C0F830099A657;
					};
				};
			};
			buildConfigurationList = 6EF2644F1B3C0F830099A657 /* Build configuration list for PBXProject "StickerFactory" */;
			compatibilityVersion = "Xcode 3.2";
			developmentRegion = English;
			hasScannedForEncodings = 0;
			knownRegions = (
				en,
				Base,
			);
			mainGroup = 6EF2644B1B3C0F830099A657;
			productRefGroup = 6EF264551B3C0F830099A657 /* Products */;
			projectDirPath = "";
			projectRoot = "";
			targets = (
				6EF264531B3C0F830099A657 /* StickerFactory */,
				6EF2646C1B3C0F830099A657 /* StickerFactoryTests */,
			);
		};
/* End PBXProject section */

/* Begin PBXResourcesBuildPhase section */
		6EF264521B3C0F830099A657 /* Resources */ = {
			isa = PBXResourcesBuildPhase;
			buildActionMask = 2147483647;
			files = (
				6EF264631B3C0F830099A657 /* Main.storyboard in Resources */,
				6EF264681B3C0F830099A657 /* LaunchScreen.xib in Resources */,
				6EF264651B3C0F830099A657 /* Images.xcassets in Resources */,
			);
			runOnlyForDeploymentPostprocessing = 0;
		};
		6EF2646B1B3C0F830099A657 /* Resources */ = {
			isa = PBXResourcesBuildPhase;
			buildActionMask = 2147483647;
			files = (
			);
			runOnlyForDeploymentPostprocessing = 0;
		};
/* End PBXResourcesBuildPhase section */

/* Begin PBXShellScriptBuildPhase section */
		3818035BAD5BBEC0740E9E3A /* Copy Pods Resources */ = {
			isa = PBXShellScriptBuildPhase;
			buildActionMask = 2147483647;
			files = (
			);
			inputPaths = (
			);
			name = "Copy Pods Resources";
			outputPaths = (
			);
			runOnlyForDeploymentPostprocessing = 0;
			shellPath = /bin/sh;
			shellScript = "\"${SRCROOT}/Pods/Target Support Files/Pods/Pods-resources.sh\"\n";
			showEnvVarsInLog = 0;
		};
		CE9DB4273D6D7C917EA92818 /* Check Pods Manifest.lock */ = {
			isa = PBXShellScriptBuildPhase;
			buildActionMask = 2147483647;
			files = (
			);
			inputPaths = (
			);
			name = "Check Pods Manifest.lock";
			outputPaths = (
			);
			runOnlyForDeploymentPostprocessing = 0;
			shellPath = /bin/sh;
			shellScript = "diff \"${PODS_ROOT}/../Podfile.lock\" \"${PODS_ROOT}/Manifest.lock\" > /dev/null\nif [[ $? != 0 ]] ; then\n    cat << EOM\nerror: The sandbox is not in sync with the Podfile.lock. Run 'pod install' or update your CocoaPods installation.\nEOM\n    exit 1\nfi\n";
			showEnvVarsInLog = 0;
		};
/* End PBXShellScriptBuildPhase section */

/* Begin PBXSourcesBuildPhase section */
		6EF264501B3C0F830099A657 /* Sources */ = {
			isa = PBXSourcesBuildPhase;
			buildActionMask = 2147483647;
			files = (
				6EDC5EE31B41687200EBB034 /* NSPersistentStoreCoordinator+Additions.m in Sources */,
				6EF264601B3C0F830099A657 /* ViewController.m in Sources */,
				6EDC5ECD1B41309200EBB034 /* STKCoreDataService.m in Sources */,
				6EDC5EC61B3D637C00EBB034 /* STKUtility.m in Sources */,
				6EDC5E911B3D376200EBB034 /* STKStickersManager.m in Sources */,
				6EF264951B3C15950099A657 /* UIImageView+Stickers.m in Sources */,
				6EF2645D1B3C0F830099A657 /* AppDelegate.m in Sources */,
				6EF2645A1B3C0F830099A657 /* main.m in Sources */,
				6EDC5ED71B4139E600EBB034 /* StickerModel.xcdatamodeld in Sources */,
				6EDC5EDD1B41406000EBB034 /* NSManagedObjectContext+Additions.m in Sources */,
			);
			runOnlyForDeploymentPostprocessing = 0;
		};
		6EF264691B3C0F830099A657 /* Sources */ = {
			isa = PBXSourcesBuildPhase;
			buildActionMask = 2147483647;
			files = (
				6EF264741B3C0F830099A657 /* StickerFactoryTests.m in Sources */,
			);
			runOnlyForDeploymentPostprocessing = 0;
		};
/* End PBXSourcesBuildPhase section */

/* Begin PBXTargetDependency section */
		6EF2646F1B3C0F830099A657 /* PBXTargetDependency */ = {
			isa = PBXTargetDependency;
			target = 6EF264531B3C0F830099A657 /* StickerFactory */;
			targetProxy = 6EF2646E1B3C0F830099A657 /* PBXContainerItemProxy */;
		};
/* End PBXTargetDependency section */

/* Begin PBXVariantGroup section */
		6EF264611B3C0F830099A657 /* Main.storyboard */ = {
			isa = PBXVariantGroup;
			children = (
				6EF264621B3C0F830099A657 /* Base */,
			);
			name = Main.storyboard;
			sourceTree = "<group>";
		};
		6EF264661B3C0F830099A657 /* LaunchScreen.xib */ = {
			isa = PBXVariantGroup;
			children = (
				6EF264671B3C0F830099A657 /* Base */,
			);
			name = LaunchScreen.xib;
			sourceTree = "<group>";
		};
/* End PBXVariantGroup section */

/* Begin XCBuildConfiguration section */
		6EF264751B3C0F830099A657 /* Debug */ = {
			isa = XCBuildConfiguration;
			buildSettings = {
				ALWAYS_SEARCH_USER_PATHS = NO;
				CLANG_CXX_LANGUAGE_STANDARD = "gnu++0x";
				CLANG_CXX_LIBRARY = "libc++";
				CLANG_ENABLE_MODULES = YES;
				CLANG_ENABLE_OBJC_ARC = YES;
				CLANG_WARN_BOOL_CONVERSION = YES;
				CLANG_WARN_CONSTANT_CONVERSION = YES;
				CLANG_WARN_DIRECT_OBJC_ISA_USAGE = YES_ERROR;
				CLANG_WARN_EMPTY_BODY = YES;
				CLANG_WARN_ENUM_CONVERSION = YES;
				CLANG_WARN_INT_CONVERSION = YES;
				CLANG_WARN_OBJC_ROOT_CLASS = YES_ERROR;
				CLANG_WARN_UNREACHABLE_CODE = YES;
				CLANG_WARN__DUPLICATE_METHOD_MATCH = YES;
				"CODE_SIGN_IDENTITY[sdk=iphoneos*]" = "iPhone Developer";
				COPY_PHASE_STRIP = NO;
				DEBUG_INFORMATION_FORMAT = "dwarf-with-dsym";
				ENABLE_STRICT_OBJC_MSGSEND = YES;
				GCC_C_LANGUAGE_STANDARD = gnu99;
				GCC_DYNAMIC_NO_PIC = NO;
				GCC_NO_COMMON_BLOCKS = YES;
				GCC_OPTIMIZATION_LEVEL = 0;
				GCC_PREPROCESSOR_DEFINITIONS = (
					"DEBUG=1",
					"$(inherited)",
				);
				GCC_SYMBOLS_PRIVATE_EXTERN = NO;
				GCC_WARN_64_TO_32_BIT_CONVERSION = YES;
				GCC_WARN_ABOUT_RETURN_TYPE = YES_ERROR;
				GCC_WARN_UNDECLARED_SELECTOR = YES;
				GCC_WARN_UNINITIALIZED_AUTOS = YES_AGGRESSIVE;
				GCC_WARN_UNUSED_FUNCTION = YES;
				GCC_WARN_UNUSED_VARIABLE = YES;
				IPHONEOS_DEPLOYMENT_TARGET = 8.3;
				MTL_ENABLE_DEBUG_INFO = YES;
				ONLY_ACTIVE_ARCH = YES;
				SDKROOT = iphoneos;
				TARGETED_DEVICE_FAMILY = "1,2";
			};
			name = Debug;
		};
		6EF264761B3C0F830099A657 /* Release */ = {
			isa = XCBuildConfiguration;
			buildSettings = {
				ALWAYS_SEARCH_USER_PATHS = NO;
				CLANG_CXX_LANGUAGE_STANDARD = "gnu++0x";
				CLANG_CXX_LIBRARY = "libc++";
				CLANG_ENABLE_MODULES = YES;
				CLANG_ENABLE_OBJC_ARC = YES;
				CLANG_WARN_BOOL_CONVERSION = YES;
				CLANG_WARN_CONSTANT_CONVERSION = YES;
				CLANG_WARN_DIRECT_OBJC_ISA_USAGE = YES_ERROR;
				CLANG_WARN_EMPTY_BODY = YES;
				CLANG_WARN_ENUM_CONVERSION = YES;
				CLANG_WARN_INT_CONVERSION = YES;
				CLANG_WARN_OBJC_ROOT_CLASS = YES_ERROR;
				CLANG_WARN_UNREACHABLE_CODE = YES;
				CLANG_WARN__DUPLICATE_METHOD_MATCH = YES;
				"CODE_SIGN_IDENTITY[sdk=iphoneos*]" = "iPhone Developer";
				COPY_PHASE_STRIP = NO;
				DEBUG_INFORMATION_FORMAT = "dwarf-with-dsym";
				ENABLE_NS_ASSERTIONS = NO;
				ENABLE_STRICT_OBJC_MSGSEND = YES;
				GCC_C_LANGUAGE_STANDARD = gnu99;
				GCC_NO_COMMON_BLOCKS = YES;
				GCC_WARN_64_TO_32_BIT_CONVERSION = YES;
				GCC_WARN_ABOUT_RETURN_TYPE = YES_ERROR;
				GCC_WARN_UNDECLARED_SELECTOR = YES;
				GCC_WARN_UNINITIALIZED_AUTOS = YES_AGGRESSIVE;
				GCC_WARN_UNUSED_FUNCTION = YES;
				GCC_WARN_UNUSED_VARIABLE = YES;
				IPHONEOS_DEPLOYMENT_TARGET = 8.3;
				MTL_ENABLE_DEBUG_INFO = NO;
				SDKROOT = iphoneos;
				TARGETED_DEVICE_FAMILY = "1,2";
				VALIDATE_PRODUCT = YES;
			};
			name = Release;
		};
		6EF264781B3C0F830099A657 /* Debug */ = {
			isa = XCBuildConfiguration;
			baseConfigurationReference = 1AA04EB236AD472CD61382DF /* Pods.debug.xcconfig */;
			buildSettings = {
				ASSETCATALOG_COMPILER_APPICON_NAME = AppIcon;
				INFOPLIST_FILE = StickerFactory/Info.plist;
				LD_RUNPATH_SEARCH_PATHS = "$(inherited) @executable_path/Frameworks";
				PRODUCT_NAME = "$(TARGET_NAME)";
			};
			name = Debug;
		};
		6EF264791B3C0F830099A657 /* Release */ = {
			isa = XCBuildConfiguration;
			baseConfigurationReference = 5A4CC6B4D3CDAB1319028FAD /* Pods.release.xcconfig */;
			buildSettings = {
				ASSETCATALOG_COMPILER_APPICON_NAME = AppIcon;
				INFOPLIST_FILE = StickerFactory/Info.plist;
				LD_RUNPATH_SEARCH_PATHS = "$(inherited) @executable_path/Frameworks";
				PRODUCT_NAME = "$(TARGET_NAME)";
			};
			name = Release;
		};
		6EF2647B1B3C0F830099A657 /* Debug */ = {
			isa = XCBuildConfiguration;
			buildSettings = {
				BUNDLE_LOADER = "$(TEST_HOST)";
				FRAMEWORK_SEARCH_PATHS = (
					"$(SDKROOT)/Developer/Library/Frameworks",
					"$(inherited)",
				);
				GCC_PREPROCESSOR_DEFINITIONS = (
					"DEBUG=1",
					"$(inherited)",
				);
				INFOPLIST_FILE = StickerFactoryTests/Info.plist;
				LD_RUNPATH_SEARCH_PATHS = "$(inherited) @executable_path/Frameworks @loader_path/Frameworks";
				PRODUCT_NAME = "$(TARGET_NAME)";
				TEST_HOST = "$(BUILT_PRODUCTS_DIR)/StickerFactory.app/StickerFactory";
			};
			name = Debug;
		};
		6EF2647C1B3C0F830099A657 /* Release */ = {
			isa = XCBuildConfiguration;
			buildSettings = {
				BUNDLE_LOADER = "$(TEST_HOST)";
				FRAMEWORK_SEARCH_PATHS = (
					"$(SDKROOT)/Developer/Library/Frameworks",
					"$(inherited)",
				);
				INFOPLIST_FILE = StickerFactoryTests/Info.plist;
				LD_RUNPATH_SEARCH_PATHS = "$(inherited) @executable_path/Frameworks @loader_path/Frameworks";
				PRODUCT_NAME = "$(TARGET_NAME)";
				TEST_HOST = "$(BUILT_PRODUCTS_DIR)/StickerFactory.app/StickerFactory";
			};
			name = Release;
		};
/* End XCBuildConfiguration section */

/* Begin XCConfigurationList section */
		6EF2644F1B3C0F830099A657 /* Build configuration list for PBXProject "StickerFactory" */ = {
			isa = XCConfigurationList;
			buildConfigurations = (
				6EF264751B3C0F830099A657 /* Debug */,
				6EF264761B3C0F830099A657 /* Release */,
			);
			defaultConfigurationIsVisible = 0;
			defaultConfigurationName = Release;
		};
		6EF264771B3C0F830099A657 /* Build configuration list for PBXNativeTarget "StickerFactory" */ = {
			isa = XCConfigurationList;
			buildConfigurations = (
				6EF264781B3C0F830099A657 /* Debug */,
				6EF264791B3C0F830099A657 /* Release */,
			);
			defaultConfigurationIsVisible = 0;
			defaultConfigurationName = Release;
		};
		6EF2647A1B3C0F830099A657 /* Build configuration list for PBXNativeTarget "StickerFactoryTests" */ = {
			isa = XCConfigurationList;
			buildConfigurations = (
				6EF2647B1B3C0F830099A657 /* Debug */,
				6EF2647C1B3C0F830099A657 /* Release */,
			);
			defaultConfigurationIsVisible = 0;
			defaultConfigurationName = Release;
		};
/* End XCConfigurationList section */

/* Begin XCVersionGroup section */
		6EDC5ED51B4139E600EBB034 /* StickerModel.xcdatamodeld */ = {
			isa = XCVersionGroup;
			children = (
				6EDC5ED61B4139E600EBB034 /* StickerModel.xcdatamodel */,
			);
			currentVersion = 6EDC5ED61B4139E600EBB034 /* StickerModel.xcdatamodel */;
			name = StickerModel.xcdatamodeld;
			path = StickerFactory/SDK/CoreDataService/Models/StickerModel.xcdatamodeld;
			sourceTree = "<group>";
			versionGroupType = wrapper.xcdatamodel;
		};
/* End XCVersionGroup section */
	};
	rootObject = 6EF2644C1B3C0F830099A657 /* Project object */;
}
