// !$*UTF8*$!
{
	archiveVersion = 1;
	classes = {
	};
	objectVersion = 46;
	objects = {

/* Begin PBXBuildFile section */
		6E776D621B4AC18A0001FBB6 /* STKStickerPanel.m in Sources */ = {isa = PBXBuildFile; fileRef = 6E776D611B4AC18A0001FBB6 /* STKStickerPanel.m */; };
		6E776D661B4BB60C0001FBB6 /* STKStickerPanelLayout.m in Sources */ = {isa = PBXBuildFile; fileRef = 6E776D651B4BB60C0001FBB6 /* STKStickerPanelLayout.m */; };
		6E776D691B4BB6B00001FBB6 /* STKStickerPanelCell.m in Sources */ = {isa = PBXBuildFile; fileRef = 6E776D681B4BB6B00001FBB6 /* STKStickerPanelCell.m */; };
		6E776D6E1B4BE2260001FBB6 /* STKStickerPanelHeader.m in Sources */ = {isa = PBXBuildFile; fileRef = 6E776D6D1B4BE2260001FBB6 /* STKStickerPanelHeader.m */; };
		6E776D721B4BEE110001FBB6 /* STKStickersApiClient.m in Sources */ = {isa = PBXBuildFile; fileRef = 6E776D711B4BEE110001FBB6 /* STKStickersApiClient.m */; };
		6E776D791B4BF5FF0001FBB6 /* _STKSticker.m in Sources */ = {isa = PBXBuildFile; fileRef = 6E776D761B4BF5FF0001FBB6 /* _STKSticker.m */; };
		6E776D7A1B4BF5FF0001FBB6 /* _STKStickerPack.m in Sources */ = {isa = PBXBuildFile; fileRef = 6E776D781B4BF5FF0001FBB6 /* _STKStickerPack.m */; };
		6E776D7F1B4BF6150001FBB6 /* STKSticker.m in Sources */ = {isa = PBXBuildFile; fileRef = 6E776D7C1B4BF6150001FBB6 /* STKSticker.m */; };
		6E776D801B4BF6150001FBB6 /* STKStickerPack.m in Sources */ = {isa = PBXBuildFile; fileRef = 6E776D7E1B4BF6150001FBB6 /* STKStickerPack.m */; };
		6EADF3611B46B3CE008005E9 /* Media.xcassets in Resources */ = {isa = PBXBuildFile; fileRef = 6EADF35F1B46B3CE008005E9 /* Media.xcassets */; };
		6EADF3661B46B3FD008005E9 /* STKApiKeyManager.m in Sources */ = {isa = PBXBuildFile; fileRef = 6EADF3631B46B3FD008005E9 /* STKApiKeyManager.m */; };
		6EADF3671B46B3FD008005E9 /* STKUUIDManager.m in Sources */ = {isa = PBXBuildFile; fileRef = 6EADF3651B46B3FD008005E9 /* STKUUIDManager.m */; };
		6EADF36A1B46B40F008005E9 /* STKAnalyticService.m in Sources */ = {isa = PBXBuildFile; fileRef = 6EADF3691B46B40F008005E9 /* STKAnalyticService.m */; };
		6EADF36F1B46B41E008005E9 /* STKAnalyticsAPIClient.m in Sources */ = {isa = PBXBuildFile; fileRef = 6EADF36C1B46B41E008005E9 /* STKAnalyticsAPIClient.m */; };
		6EADF3701B46B41E008005E9 /* STKApiClient.m in Sources */ = {isa = PBXBuildFile; fileRef = 6EADF36E1B46B41E008005E9 /* STKApiClient.m */; };
		6EADF37B1B46B43D008005E9 /* NSManagedObject+STKAdditions.m in Sources */ = {isa = PBXBuildFile; fileRef = 6EADF3721B46B43D008005E9 /* NSManagedObject+STKAdditions.m */; };
		6EADF37C1B46B43D008005E9 /* NSManagedObjectContext+STKAdditions.m in Sources */ = {isa = PBXBuildFile; fileRef = 6EADF3741B46B43D008005E9 /* NSManagedObjectContext+STKAdditions.m */; };
		6EADF37D1B46B43D008005E9 /* NSPersistentStoreCoordinator+STKAdditions.m in Sources */ = {isa = PBXBuildFile; fileRef = 6EADF3761B46B43D008005E9 /* NSPersistentStoreCoordinator+STKAdditions.m */; };
		6EADF37E1B46B43D008005E9 /* StickerModel.xcdatamodeld in Sources */ = {isa = PBXBuildFile; fileRef = 6EADF3771B46B43D008005E9 /* StickerModel.xcdatamodeld */; };
		6EADF37F1B46B43D008005E9 /* STKCoreDataService.m in Sources */ = {isa = PBXBuildFile; fileRef = 6EADF37A1B46B43D008005E9 /* STKCoreDataService.m */; };
		6EADF3821B46B44D008005E9 /* _STKStatistic.m in Sources */ = {isa = PBXBuildFile; fileRef = 6EADF3811B46B44D008005E9 /* _STKStatistic.m */; };
		6EADF3851B46B45A008005E9 /* STKStatistic.m in Sources */ = {isa = PBXBuildFile; fileRef = 6EADF3841B46B45A008005E9 /* STKStatistic.m */; };
		6EADF38E1B46B475008005E9 /* STKStickersManager.m in Sources */ = {isa = PBXBuildFile; fileRef = 6EADF3871B46B475008005E9 /* STKStickersManager.m */; };
		6EADF38F1B46B475008005E9 /* STKUtility.m in Sources */ = {isa = PBXBuildFile; fileRef = 6EADF3891B46B475008005E9 /* STKUtility.m */; };
		6EADF3901B46B475008005E9 /* UIImage+Tint.m in Sources */ = {isa = PBXBuildFile; fileRef = 6EADF38B1B46B475008005E9 /* UIImage+Tint.m */; };
		6EADF3911B46B475008005E9 /* UIImageView+Stickers.m in Sources */ = {isa = PBXBuildFile; fileRef = 6EADF38D1B46B475008005E9 /* UIImageView+Stickers.m */; };
		6EADF3981B46D13F008005E9 /* STKChatViewController.m in Sources */ = {isa = PBXBuildFile; fileRef = 6EADF3971B46D13F008005E9 /* STKChatViewController.m */; };
		6EADF39B1B46D4EE008005E9 /* STKChatCell.m in Sources */ = {isa = PBXBuildFile; fileRef = 6EADF39A1B46D4EE008005E9 /* STKChatCell.m */; };
		6EDC5ED01B41328000EBB034 /* CoreData.framework in Frameworks */ = {isa = PBXBuildFile; fileRef = 6EDC5ECF1B41328000EBB034 /* CoreData.framework */; };
		6EF2645A1B3C0F830099A657 /* main.m in Sources */ = {isa = PBXBuildFile; fileRef = 6EF264591B3C0F830099A657 /* main.m */; };
		6EF2645D1B3C0F830099A657 /* AppDelegate.m in Sources */ = {isa = PBXBuildFile; fileRef = 6EF2645C1B3C0F830099A657 /* AppDelegate.m */; };
		6EF264601B3C0F830099A657 /* ViewController.m in Sources */ = {isa = PBXBuildFile; fileRef = 6EF2645F1B3C0F830099A657 /* ViewController.m */; };
		6EF264631B3C0F830099A657 /* Main.storyboard in Resources */ = {isa = PBXBuildFile; fileRef = 6EF264611B3C0F830099A657 /* Main.storyboard */; };
		6EF264651B3C0F830099A657 /* Images.xcassets in Resources */ = {isa = PBXBuildFile; fileRef = 6EF264641B3C0F830099A657 /* Images.xcassets */; };
		6EF264681B3C0F830099A657 /* LaunchScreen.xib in Resources */ = {isa = PBXBuildFile; fileRef = 6EF264661B3C0F830099A657 /* LaunchScreen.xib */; };
		6EF264741B3C0F830099A657 /* StickerFactoryTests.m in Sources */ = {isa = PBXBuildFile; fileRef = 6EF264731B3C0F830099A657 /* StickerFactoryTests.m */; };
		DF71B99FAA77DDC25C0F577E /* libPods.a in Frameworks */ = {isa = PBXBuildFile; fileRef = 280EB363112837B81F052E19 /* libPods.a */; };
/* End PBXBuildFile section */

/* Begin PBXContainerItemProxy section */
		6EF2646E1B3C0F830099A657 /* PBXContainerItemProxy */ = {
			isa = PBXContainerItemProxy;
			containerPortal = 6EF2644C1B3C0F830099A657 /* Project object */;
			proxyType = 1;
			remoteGlobalIDString = 6EF264531B3C0F830099A657;
			remoteInfo = StickerFactory;
		};
/* End PBXContainerItemProxy section */

/* Begin PBXFileReference section */
		1AA04EB236AD472CD61382DF /* Pods.debug.xcconfig */ = {isa = PBXFileReference; includeInIndex = 1; lastKnownFileType = text.xcconfig; name = Pods.debug.xcconfig; path = "Pods/Target Support Files/Pods/Pods.debug.xcconfig"; sourceTree = "<group>"; };
		280EB363112837B81F052E19 /* libPods.a */ = {isa = PBXFileReference; explicitFileType = archive.ar; includeInIndex = 0; path = libPods.a; sourceTree = BUILT_PRODUCTS_DIR; };
		5A4CC6B4D3CDAB1319028FAD /* Pods.release.xcconfig */ = {isa = PBXFileReference; includeInIndex = 1; lastKnownFileType = text.xcconfig; name = Pods.release.xcconfig; path = "Pods/Target Support Files/Pods/Pods.release.xcconfig"; sourceTree = "<group>"; };
		6E776D601B4AC18A0001FBB6 /* STKStickerPanel.h */ = {isa = PBXFileReference; fileEncoding = 4; lastKnownFileType = sourcecode.c.h; name = STKStickerPanel.h; path = StickerFactory/SDK/STKStickerPanel.h; sourceTree = "<group>"; };
		6E776D611B4AC18A0001FBB6 /* STKStickerPanel.m */ = {isa = PBXFileReference; fileEncoding = 4; lastKnownFileType = sourcecode.c.objc; name = STKStickerPanel.m; path = StickerFactory/SDK/STKStickerPanel.m; sourceTree = "<group>"; };
		6E776D641B4BB60C0001FBB6 /* STKStickerPanelLayout.h */ = {isa = PBXFileReference; fileEncoding = 4; lastKnownFileType = sourcecode.c.h; name = STKStickerPanelLayout.h; path = StickerFactory/SDK/STKStickerPanelLayout.h; sourceTree = "<group>"; };
		6E776D651B4BB60C0001FBB6 /* STKStickerPanelLayout.m */ = {isa = PBXFileReference; fileEncoding = 4; lastKnownFileType = sourcecode.c.objc; name = STKStickerPanelLayout.m; path = StickerFactory/SDK/STKStickerPanelLayout.m; sourceTree = "<group>"; };
		6E776D671B4BB6B00001FBB6 /* STKStickerPanelCell.h */ = {isa = PBXFileReference; fileEncoding = 4; lastKnownFileType = sourcecode.c.h; name = STKStickerPanelCell.h; path = StickerFactory/SDK/STKStickerPanelCell.h; sourceTree = "<group>"; };
		6E776D681B4BB6B00001FBB6 /* STKStickerPanelCell.m */ = {isa = PBXFileReference; fileEncoding = 4; lastKnownFileType = sourcecode.c.objc; name = STKStickerPanelCell.m; path = StickerFactory/SDK/STKStickerPanelCell.m; sourceTree = "<group>"; };
		6E776D6C1B4BE2260001FBB6 /* STKStickerPanelHeader.h */ = {isa = PBXFileReference; fileEncoding = 4; lastKnownFileType = sourcecode.c.h; name = STKStickerPanelHeader.h; path = StickerFactory/SDK/STKStickerPanelHeader.h; sourceTree = "<group>"; };
		6E776D6D1B4BE2260001FBB6 /* STKStickerPanelHeader.m */ = {isa = PBXFileReference; fileEncoding = 4; lastKnownFileType = sourcecode.c.objc; name = STKStickerPanelHeader.m; path = StickerFactory/SDK/STKStickerPanelHeader.m; sourceTree = "<group>"; };
		6E776D701B4BEE110001FBB6 /* STKStickersApiClient.h */ = {isa = PBXFileReference; fileEncoding = 4; lastKnownFileType = sourcecode.c.h; name = STKStickersApiClient.h; path = StickerFactory/SDK/STKStickersApiClient.h; sourceTree = "<group>"; };
		6E776D711B4BEE110001FBB6 /* STKStickersApiClient.m */ = {isa = PBXFileReference; fileEncoding = 4; lastKnownFileType = sourcecode.c.objc; name = STKStickersApiClient.m; path = StickerFactory/SDK/STKStickersApiClient.m; sourceTree = "<group>"; };
		6E776D731B4BF0EE0001FBB6 /* StickerModel 2.xcdatamodel */ = {isa = PBXFileReference; lastKnownFileType = wrapper.xcdatamodel; path = "StickerModel 2.xcdatamodel"; sourceTree = "<group>"; };
		6E776D751B4BF5FF0001FBB6 /* _STKSticker.h */ = {isa = PBXFileReference; fileEncoding = 4; lastKnownFileType = sourcecode.c.h; name = _STKSticker.h; path = StickerFactory/SDK/_STKSticker.h; sourceTree = "<group>"; };
		6E776D761B4BF5FF0001FBB6 /* _STKSticker.m */ = {isa = PBXFileReference; fileEncoding = 4; lastKnownFileType = sourcecode.c.objc; name = _STKSticker.m; path = StickerFactory/SDK/_STKSticker.m; sourceTree = "<group>"; };
		6E776D771B4BF5FF0001FBB6 /* _STKStickerPack.h */ = {isa = PBXFileReference; fileEncoding = 4; lastKnownFileType = sourcecode.c.h; name = _STKStickerPack.h; path = StickerFactory/SDK/_STKStickerPack.h; sourceTree = "<group>"; };
		6E776D781B4BF5FF0001FBB6 /* _STKStickerPack.m */ = {isa = PBXFileReference; fileEncoding = 4; lastKnownFileType = sourcecode.c.objc; name = _STKStickerPack.m; path = StickerFactory/SDK/_STKStickerPack.m; sourceTree = "<group>"; };
		6E776D7B1B4BF6150001FBB6 /* STKSticker.h */ = {isa = PBXFileReference; fileEncoding = 4; lastKnownFileType = sourcecode.c.h; name = STKSticker.h; path = StickerFactory/SDK/STKSticker.h; sourceTree = "<group>"; };
		6E776D7C1B4BF6150001FBB6 /* STKSticker.m */ = {isa = PBXFileReference; fileEncoding = 4; lastKnownFileType = sourcecode.c.objc; name = STKSticker.m; path = StickerFactory/SDK/STKSticker.m; sourceTree = "<group>"; };
		6E776D7D1B4BF6150001FBB6 /* STKStickerPack.h */ = {isa = PBXFileReference; fileEncoding = 4; lastKnownFileType = sourcecode.c.h; name = STKStickerPack.h; path = StickerFactory/SDK/STKStickerPack.h; sourceTree = "<group>"; };
		6E776D7E1B4BF6150001FBB6 /* STKStickerPack.m */ = {isa = PBXFileReference; fileEncoding = 4; lastKnownFileType = sourcecode.c.objc; name = STKStickerPack.m; path = StickerFactory/SDK/STKStickerPack.m; sourceTree = "<group>"; };
		6EADF35F1B46B3CE008005E9 /* Media.xcassets */ = {isa = PBXFileReference; lastKnownFileType = folder.assetcatalog; name = Media.xcassets; path = StickerFactory/SDK/Media.xcassets; sourceTree = "<group>"; };
		6EADF3601B46B3CE008005E9 /* STKStickerFactory.h */ = {isa = PBXFileReference; fileEncoding = 4; lastKnownFileType = sourcecode.c.h; name = STKStickerFactory.h; path = StickerFactory/SDK/STKStickerFactory.h; sourceTree = "<group>"; };
		6EADF3621B46B3FD008005E9 /* STKApiKeyManager.h */ = {isa = PBXFileReference; fileEncoding = 4; lastKnownFileType = sourcecode.c.h; name = STKApiKeyManager.h; path = StickerFactory/SDK/STKApiKeyManager.h; sourceTree = "<group>"; };
		6EADF3631B46B3FD008005E9 /* STKApiKeyManager.m */ = {isa = PBXFileReference; fileEncoding = 4; lastKnownFileType = sourcecode.c.objc; name = STKApiKeyManager.m; path = StickerFactory/SDK/STKApiKeyManager.m; sourceTree = "<group>"; };
		6EADF3641B46B3FD008005E9 /* STKUUIDManager.h */ = {isa = PBXFileReference; fileEncoding = 4; lastKnownFileType = sourcecode.c.h; name = STKUUIDManager.h; path = StickerFactory/SDK/STKUUIDManager.h; sourceTree = "<group>"; };
		6EADF3651B46B3FD008005E9 /* STKUUIDManager.m */ = {isa = PBXFileReference; fileEncoding = 4; lastKnownFileType = sourcecode.c.objc; name = STKUUIDManager.m; path = StickerFactory/SDK/STKUUIDManager.m; sourceTree = "<group>"; };
		6EADF3681B46B40F008005E9 /* STKAnalyticService.h */ = {isa = PBXFileReference; fileEncoding = 4; lastKnownFileType = sourcecode.c.h; name = STKAnalyticService.h; path = StickerFactory/SDK/STKAnalyticService.h; sourceTree = "<group>"; };
		6EADF3691B46B40F008005E9 /* STKAnalyticService.m */ = {isa = PBXFileReference; fileEncoding = 4; lastKnownFileType = sourcecode.c.objc; name = STKAnalyticService.m; path = StickerFactory/SDK/STKAnalyticService.m; sourceTree = "<group>"; };
		6EADF36B1B46B41E008005E9 /* STKAnalyticsAPIClient.h */ = {isa = PBXFileReference; fileEncoding = 4; lastKnownFileType = sourcecode.c.h; name = STKAnalyticsAPIClient.h; path = StickerFactory/SDK/STKAnalyticsAPIClient.h; sourceTree = "<group>"; };
		6EADF36C1B46B41E008005E9 /* STKAnalyticsAPIClient.m */ = {isa = PBXFileReference; fileEncoding = 4; lastKnownFileType = sourcecode.c.objc; name = STKAnalyticsAPIClient.m; path = StickerFactory/SDK/STKAnalyticsAPIClient.m; sourceTree = "<group>"; };
		6EADF36D1B46B41E008005E9 /* STKApiClient.h */ = {isa = PBXFileReference; fileEncoding = 4; lastKnownFileType = sourcecode.c.h; name = STKApiClient.h; path = StickerFactory/SDK/STKApiClient.h; sourceTree = "<group>"; };
		6EADF36E1B46B41E008005E9 /* STKApiClient.m */ = {isa = PBXFileReference; fileEncoding = 4; lastKnownFileType = sourcecode.c.objc; name = STKApiClient.m; path = StickerFactory/SDK/STKApiClient.m; sourceTree = "<group>"; };
		6EADF3711B46B43D008005E9 /* NSManagedObject+STKAdditions.h */ = {isa = PBXFileReference; fileEncoding = 4; lastKnownFileType = sourcecode.c.h; name = "NSManagedObject+STKAdditions.h"; path = "StickerFactory/SDK/NSManagedObject+STKAdditions.h"; sourceTree = "<group>"; };
		6EADF3721B46B43D008005E9 /* NSManagedObject+STKAdditions.m */ = {isa = PBXFileReference; fileEncoding = 4; lastKnownFileType = sourcecode.c.objc; name = "NSManagedObject+STKAdditions.m"; path = "StickerFactory/SDK/NSManagedObject+STKAdditions.m"; sourceTree = "<group>"; };
		6EADF3731B46B43D008005E9 /* NSManagedObjectContext+STKAdditions.h */ = {isa = PBXFileReference; fileEncoding = 4; lastKnownFileType = sourcecode.c.h; name = "NSManagedObjectContext+STKAdditions.h"; path = "StickerFactory/SDK/NSManagedObjectContext+STKAdditions.h"; sourceTree = "<group>"; };
		6EADF3741B46B43D008005E9 /* NSManagedObjectContext+STKAdditions.m */ = {isa = PBXFileReference; fileEncoding = 4; lastKnownFileType = sourcecode.c.objc; name = "NSManagedObjectContext+STKAdditions.m"; path = "StickerFactory/SDK/NSManagedObjectContext+STKAdditions.m"; sourceTree = "<group>"; };
		6EADF3751B46B43D008005E9 /* NSPersistentStoreCoordinator+STKAdditions.h */ = {isa = PBXFileReference; fileEncoding = 4; lastKnownFileType = sourcecode.c.h; name = "NSPersistentStoreCoordinator+STKAdditions.h"; path = "StickerFactory/SDK/NSPersistentStoreCoordinator+STKAdditions.h"; sourceTree = "<group>"; };
		6EADF3761B46B43D008005E9 /* NSPersistentStoreCoordinator+STKAdditions.m */ = {isa = PBXFileReference; fileEncoding = 4; lastKnownFileType = sourcecode.c.objc; name = "NSPersistentStoreCoordinator+STKAdditions.m"; path = "StickerFactory/SDK/NSPersistentStoreCoordinator+STKAdditions.m"; sourceTree = "<group>"; };
		6EADF3781B46B43D008005E9 /* StickerModel.xcdatamodel */ = {isa = PBXFileReference; lastKnownFileType = wrapper.xcdatamodel; path = StickerModel.xcdatamodel; sourceTree = "<group>"; };
		6EADF3791B46B43D008005E9 /* STKCoreDataService.h */ = {isa = PBXFileReference; fileEncoding = 4; lastKnownFileType = sourcecode.c.h; name = STKCoreDataService.h; path = StickerFactory/SDK/STKCoreDataService.h; sourceTree = "<group>"; };
		6EADF37A1B46B43D008005E9 /* STKCoreDataService.m */ = {isa = PBXFileReference; fileEncoding = 4; lastKnownFileType = sourcecode.c.objc; name = STKCoreDataService.m; path = StickerFactory/SDK/STKCoreDataService.m; sourceTree = "<group>"; };
		6EADF3801B46B44D008005E9 /* _STKStatistic.h */ = {isa = PBXFileReference; fileEncoding = 4; lastKnownFileType = sourcecode.c.h; name = _STKStatistic.h; path = StickerFactory/SDK/_STKStatistic.h; sourceTree = "<group>"; };
		6EADF3811B46B44D008005E9 /* _STKStatistic.m */ = {isa = PBXFileReference; fileEncoding = 4; lastKnownFileType = sourcecode.c.objc; name = _STKStatistic.m; path = StickerFactory/SDK/_STKStatistic.m; sourceTree = "<group>"; };
		6EADF3831B46B45A008005E9 /* STKStatistic.h */ = {isa = PBXFileReference; fileEncoding = 4; lastKnownFileType = sourcecode.c.h; name = STKStatistic.h; path = StickerFactory/SDK/STKStatistic.h; sourceTree = "<group>"; };
		6EADF3841B46B45A008005E9 /* STKStatistic.m */ = {isa = PBXFileReference; fileEncoding = 4; lastKnownFileType = sourcecode.c.objc; name = STKStatistic.m; path = StickerFactory/SDK/STKStatistic.m; sourceTree = "<group>"; };
		6EADF3861B46B475008005E9 /* STKStickersManager.h */ = {isa = PBXFileReference; fileEncoding = 4; lastKnownFileType = sourcecode.c.h; name = STKStickersManager.h; path = StickerFactory/SDK/STKStickersManager.h; sourceTree = "<group>"; };
		6EADF3871B46B475008005E9 /* STKStickersManager.m */ = {isa = PBXFileReference; fileEncoding = 4; lastKnownFileType = sourcecode.c.objc; name = STKStickersManager.m; path = StickerFactory/SDK/STKStickersManager.m; sourceTree = "<group>"; };
		6EADF3881B46B475008005E9 /* STKUtility.h */ = {isa = PBXFileReference; fileEncoding = 4; lastKnownFileType = sourcecode.c.h; name = STKUtility.h; path = StickerFactory/SDK/STKUtility.h; sourceTree = "<group>"; };
		6EADF3891B46B475008005E9 /* STKUtility.m */ = {isa = PBXFileReference; fileEncoding = 4; lastKnownFileType = sourcecode.c.objc; name = STKUtility.m; path = StickerFactory/SDK/STKUtility.m; sourceTree = "<group>"; };
		6EADF38A1B46B475008005E9 /* UIImage+Tint.h */ = {isa = PBXFileReference; fileEncoding = 4; lastKnownFileType = sourcecode.c.h; name = "UIImage+Tint.h"; path = "StickerFactory/SDK/UIImage+Tint.h"; sourceTree = "<group>"; };
		6EADF38B1B46B475008005E9 /* UIImage+Tint.m */ = {isa = PBXFileReference; fileEncoding = 4; lastKnownFileType = sourcecode.c.objc; name = "UIImage+Tint.m"; path = "StickerFactory/SDK/UIImage+Tint.m"; sourceTree = "<group>"; };
		6EADF38C1B46B475008005E9 /* UIImageView+Stickers.h */ = {isa = PBXFileReference; fileEncoding = 4; lastKnownFileType = sourcecode.c.h; name = "UIImageView+Stickers.h"; path = "StickerFactory/SDK/UIImageView+Stickers.h"; sourceTree = "<group>"; };
		6EADF38D1B46B475008005E9 /* UIImageView+Stickers.m */ = {isa = PBXFileReference; fileEncoding = 4; lastKnownFileType = sourcecode.c.objc; name = "UIImageView+Stickers.m"; path = "StickerFactory/SDK/UIImageView+Stickers.m"; sourceTree = "<group>"; };
		6EADF3961B46D13F008005E9 /* STKChatViewController.h */ = {isa = PBXFileReference; fileEncoding = 4; lastKnownFileType = sourcecode.c.h; path = STKChatViewController.h; sourceTree = "<group>"; };
		6EADF3971B46D13F008005E9 /* STKChatViewController.m */ = {isa = PBXFileReference; fileEncoding = 4; lastKnownFileType = sourcecode.c.objc; path = STKChatViewController.m; sourceTree = "<group>"; };
		6EADF3991B46D4EE008005E9 /* STKChatCell.h */ = {isa = PBXFileReference; fileEncoding = 4; lastKnownFileType = sourcecode.c.h; path = STKChatCell.h; sourceTree = "<group>"; };
		6EADF39A1B46D4EE008005E9 /* STKChatCell.m */ = {isa = PBXFileReference; fileEncoding = 4; lastKnownFileType = sourcecode.c.objc; path = STKChatCell.m; sourceTree = "<group>"; };
		6EDC5ECF1B41328000EBB034 /* CoreData.framework */ = {isa = PBXFileReference; lastKnownFileType = wrapper.framework; name = CoreData.framework; path = System/Library/Frameworks/CoreData.framework; sourceTree = SDKROOT; };
		6EF264541B3C0F830099A657 /* StickerFactory.app */ = {isa = PBXFileReference; explicitFileType = wrapper.application; includeInIndex = 0; path = StickerFactory.app; sourceTree = BUILT_PRODUCTS_DIR; };
		6EF264581B3C0F830099A657 /* Info.plist */ = {isa = PBXFileReference; lastKnownFileType = text.plist.xml; path = Info.plist; sourceTree = "<group>"; };
		6EF264591B3C0F830099A657 /* main.m */ = {isa = PBXFileReference; lastKnownFileType = sourcecode.c.objc; path = main.m; sourceTree = "<group>"; };
		6EF2645B1B3C0F830099A657 /* AppDelegate.h */ = {isa = PBXFileReference; lastKnownFileType = sourcecode.c.h; path = AppDelegate.h; sourceTree = "<group>"; };
		6EF2645C1B3C0F830099A657 /* AppDelegate.m */ = {isa = PBXFileReference; lastKnownFileType = sourcecode.c.objc; path = AppDelegate.m; sourceTree = "<group>"; };
		6EF2645E1B3C0F830099A657 /* ViewController.h */ = {isa = PBXFileReference; lastKnownFileType = sourcecode.c.h; path = ViewController.h; sourceTree = "<group>"; };
		6EF2645F1B3C0F830099A657 /* ViewController.m */ = {isa = PBXFileReference; lastKnownFileType = sourcecode.c.objc; path = ViewController.m; sourceTree = "<group>"; };
		6EF264621B3C0F830099A657 /* Base */ = {isa = PBXFileReference; lastKnownFileType = file.storyboard; name = Base; path = Base.lproj/Main.storyboard; sourceTree = "<group>"; };
		6EF264641B3C0F830099A657 /* Images.xcassets */ = {isa = PBXFileReference; lastKnownFileType = folder.assetcatalog; path = Images.xcassets; sourceTree = "<group>"; };
		6EF264671B3C0F830099A657 /* Base */ = {isa = PBXFileReference; lastKnownFileType = file.xib; name = Base; path = Base.lproj/LaunchScreen.xib; sourceTree = "<group>"; };
		6EF2646D1B3C0F830099A657 /* StickerFactoryTests.xctest */ = {isa = PBXFileReference; explicitFileType = wrapper.cfbundle; includeInIndex = 0; path = StickerFactoryTests.xctest; sourceTree = BUILT_PRODUCTS_DIR; };
		6EF264721B3C0F830099A657 /* Info.plist */ = {isa = PBXFileReference; lastKnownFileType = text.plist.xml; path = Info.plist; sourceTree = "<group>"; };
		6EF264731B3C0F830099A657 /* StickerFactoryTests.m */ = {isa = PBXFileReference; lastKnownFileType = sourcecode.c.objc; path = StickerFactoryTests.m; sourceTree = "<group>"; };
/* End PBXFileReference section */

/* Begin PBXFrameworksBuildPhase section */
		6EF264511B3C0F830099A657 /* Frameworks */ = {
			isa = PBXFrameworksBuildPhase;
			buildActionMask = 2147483647;
			files = (
				6EDC5ED01B41328000EBB034 /* CoreData.framework in Frameworks */,
				DF71B99FAA77DDC25C0F577E /* libPods.a in Frameworks */,
			);
			runOnlyForDeploymentPostprocessing = 0;
		};
		6EF2646A1B3C0F830099A657 /* Frameworks */ = {
			isa = PBXFrameworksBuildPhase;
			buildActionMask = 2147483647;
			files = (
			);
			runOnlyForDeploymentPostprocessing = 0;
		};
/* End PBXFrameworksBuildPhase section */

/* Begin PBXGroup section */
		47FB3E470E9D34BB5596AC37 /* Frameworks */ = {
			isa = PBXGroup;
			children = (
				6EDC5ECF1B41328000EBB034 /* CoreData.framework */,
				280EB363112837B81F052E19 /* libPods.a */,
			);
			name = Frameworks;
			sourceTree = "<group>";
		};
		65DF010521239CF1FEE738E4 /* Pods */ = {
			isa = PBXGroup;
			children = (
				1AA04EB236AD472CD61382DF /* Pods.debug.xcconfig */,
				5A4CC6B4D3CDAB1319028FAD /* Pods.release.xcconfig */,
			);
			name = Pods;
			sourceTree = "<group>";
		};
		6E1EB3CF1B4429F500338B2B /* IdentityService */ = {
			isa = PBXGroup;
			children = (
				6EADF3621B46B3FD008005E9 /* STKApiKeyManager.h */,
				6EADF3631B46B3FD008005E9 /* STKApiKeyManager.m */,
				6EADF3641B46B3FD008005E9 /* STKUUIDManager.h */,
				6EADF3651B46B3FD008005E9 /* STKUUIDManager.m */,
			);
			name = IdentityService;
			sourceTree = "<group>";
		};
		6E776D631B4AC1920001FBB6 /* StickersPanel */ = {
			isa = PBXGroup;
			children = (
				6E776D601B4AC18A0001FBB6 /* STKStickerPanel.h */,
				6E776D611B4AC18A0001FBB6 /* STKStickerPanel.m */,
				6E776D641B4BB60C0001FBB6 /* STKStickerPanelLayout.h */,
				6E776D651B4BB60C0001FBB6 /* STKStickerPanelLayout.m */,
				6E776D671B4BB6B00001FBB6 /* STKStickerPanelCell.h */,
				6E776D681B4BB6B00001FBB6 /* STKStickerPanelCell.m */,
				6E776D6C1B4BE2260001FBB6 /* STKStickerPanelHeader.h */,
				6E776D6D1B4BE2260001FBB6 /* STKStickerPanelHeader.m */,
			);
			name = StickersPanel;
			sourceTree = "<group>";
		};
		6EADF39C1B46D4F4008005E9 /* Cells */ = {
			isa = PBXGroup;
			children = (
				6EADF3991B46D4EE008005E9 /* STKChatCell.h */,
				6EADF39A1B46D4EE008005E9 /* STKChatCell.m */,
			);
			name = Cells;
			sourceTree = "<group>";
		};
		6EC5F8661B428083004D04CA /* Analytics */ = {
			isa = PBXGroup;
			children = (
				6EADF3681B46B40F008005E9 /* STKAnalyticService.h */,
				6EADF3691B46B40F008005E9 /* STKAnalyticService.m */,
			);
			name = Analytics;
			sourceTree = "<group>";
		};
		6EC5F86F1B42BA43004D04CA /* API */ = {
			isa = PBXGroup;
			children = (
				6EADF36B1B46B41E008005E9 /* STKAnalyticsAPIClient.h */,
				6EADF36C1B46B41E008005E9 /* STKAnalyticsAPIClient.m */,
				6EADF36D1B46B41E008005E9 /* STKApiClient.h */,
				6EADF36E1B46B41E008005E9 /* STKApiClient.m */,
				6E776D701B4BEE110001FBB6 /* STKStickersApiClient.h */,
				6E776D711B4BEE110001FBB6 /* STKStickersApiClient.m */,
			);
			name = API;
			sourceTree = "<group>";
		};
		6EDC5ECA1B41305500EBB034 /* CoreDataService */ = {
			isa = PBXGroup;
			children = (
				6EDC5ED11B4138B800EBB034 /* Models */,
			);
			name = CoreDataService;
			sourceTree = "<group>";
		};
		6EDC5ED11B4138B800EBB034 /* Models */ = {
			isa = PBXGroup;
			children = (
				6EADF3711B46B43D008005E9 /* NSManagedObject+STKAdditions.h */,
				6EADF3721B46B43D008005E9 /* NSManagedObject+STKAdditions.m */,
				6EADF3731B46B43D008005E9 /* NSManagedObjectContext+STKAdditions.h */,
				6EADF3741B46B43D008005E9 /* NSManagedObjectContext+STKAdditions.m */,
				6EADF3751B46B43D008005E9 /* NSPersistentStoreCoordinator+STKAdditions.h */,
				6EADF3761B46B43D008005E9 /* NSPersistentStoreCoordinator+STKAdditions.m */,
				6EADF3771B46B43D008005E9 /* StickerModel.xcdatamodeld */,
				6EADF3791B46B43D008005E9 /* STKCoreDataService.h */,
				6EADF37A1B46B43D008005E9 /* STKCoreDataService.m */,
				6EDC5ED91B413A5200EBB034 /* Machine */,
				6EDC5ED81B413A4400EBB034 /* Human */,
			);
			name = Models;
			sourceTree = "<group>";
		};
		6EDC5ED81B413A4400EBB034 /* Human */ = {
			isa = PBXGroup;
			children = (
				6E776D7B1B4BF6150001FBB6 /* STKSticker.h */,
				6E776D7C1B4BF6150001FBB6 /* STKSticker.m */,
				6E776D7D1B4BF6150001FBB6 /* STKStickerPack.h */,
				6E776D7E1B4BF6150001FBB6 /* STKStickerPack.m */,
				6EADF3831B46B45A008005E9 /* STKStatistic.h */,
				6EADF3841B46B45A008005E9 /* STKStatistic.m */,
			);
			name = Human;
			sourceTree = "<group>";
		};
		6EDC5ED91B413A5200EBB034 /* Machine */ = {
			isa = PBXGroup;
			children = (
				6E776D751B4BF5FF0001FBB6 /* _STKSticker.h */,
				6E776D761B4BF5FF0001FBB6 /* _STKSticker.m */,
				6E776D771B4BF5FF0001FBB6 /* _STKStickerPack.h */,
				6E776D781B4BF5FF0001FBB6 /* _STKStickerPack.m */,
				6EADF3801B46B44D008005E9 /* _STKStatistic.h */,
				6EADF3811B46B44D008005E9 /* _STKStatistic.m */,
			);
			name = Machine;
			sourceTree = "<group>";
		};
		6EDC5EE41B4173D600EBB034 /* Core */ = {
			isa = PBXGroup;
			children = (
				6EADF3861B46B475008005E9 /* STKStickersManager.h */,
				6EADF3871B46B475008005E9 /* STKStickersManager.m */,
				6EADF3881B46B475008005E9 /* STKUtility.h */,
				6EADF3891B46B475008005E9 /* STKUtility.m */,
				6EADF38A1B46B475008005E9 /* UIImage+Tint.h */,
				6EADF38B1B46B475008005E9 /* UIImage+Tint.m */,
				6EADF38C1B46B475008005E9 /* UIImageView+Stickers.h */,
				6EADF38D1B46B475008005E9 /* UIImageView+Stickers.m */,
				6E776D631B4AC1920001FBB6 /* StickersPanel */,
				6E1EB3CF1B4429F500338B2B /* IdentityService */,
				6EC5F8661B428083004D04CA /* Analytics */,
				6EC5F86F1B42BA43004D04CA /* API */,
				6EDC5ECA1B41305500EBB034 /* CoreDataService */,
			);
			name = Core;
			sourceTree = "<group>";
		};
		6EF2644B1B3C0F830099A657 = {
			isa = PBXGroup;
			children = (
				6EF264561B3C0F830099A657 /* StickerFactory */,
				6EF264701B3C0F830099A657 /* StickerFactoryTests */,
				6EF264551B3C0F830099A657 /* Products */,
				65DF010521239CF1FEE738E4 /* Pods */,
				47FB3E470E9D34BB5596AC37 /* Frameworks */,
			);
			sourceTree = "<group>";
		};
		6EF264551B3C0F830099A657 /* Products */ = {
			isa = PBXGroup;
			children = (
				6EF264541B3C0F830099A657 /* StickerFactory.app */,
				6EF2646D1B3C0F830099A657 /* StickerFactoryTests.xctest */,
			);
			name = Products;
			sourceTree = "<group>";
		};
		6EF264561B3C0F830099A657 /* StickerFactory */ = {
			isa = PBXGroup;
			children = (
				6EF2647D1B3C0FB70099A657 /* SDK */,
				6EF2645B1B3C0F830099A657 /* AppDelegate.h */,
				6EF2645C1B3C0F830099A657 /* AppDelegate.m */,
				6EADF3961B46D13F008005E9 /* STKChatViewController.h */,
				6EADF3971B46D13F008005E9 /* STKChatViewController.m */,
				6EADF39C1B46D4F4008005E9 /* Cells */,
				6EF2645E1B3C0F830099A657 /* ViewController.h */,
				6EF2645F1B3C0F830099A657 /* ViewController.m */,
				6EF264611B3C0F830099A657 /* Main.storyboard */,
				6EF264641B3C0F830099A657 /* Images.xcassets */,
				6EF264661B3C0F830099A657 /* LaunchScreen.xib */,
				6EF264571B3C0F830099A657 /* Supporting Files */,
			);
			path = StickerFactory;
			sourceTree = "<group>";
		};
		6EF264571B3C0F830099A657 /* Supporting Files */ = {
			isa = PBXGroup;
			children = (
				6EF264581B3C0F830099A657 /* Info.plist */,
				6EF264591B3C0F830099A657 /* main.m */,
			);
			name = "Supporting Files";
			sourceTree = "<group>";
		};
		6EF264701B3C0F830099A657 /* StickerFactoryTests */ = {
			isa = PBXGroup;
			children = (
				6EF264731B3C0F830099A657 /* StickerFactoryTests.m */,
				6EF264711B3C0F830099A657 /* Supporting Files */,
			);
			path = StickerFactoryTests;
			sourceTree = "<group>";
		};
		6EF264711B3C0F830099A657 /* Supporting Files */ = {
			isa = PBXGroup;
			children = (
				6EF264721B3C0F830099A657 /* Info.plist */,
			);
			name = "Supporting Files";
			sourceTree = "<group>";
		};
		6EF2647D1B3C0FB70099A657 /* SDK */ = {
			isa = PBXGroup;
			children = (
				6EADF35F1B46B3CE008005E9 /* Media.xcassets */,
				6EADF3601B46B3CE008005E9 /* STKStickerFactory.h */,
				6EDC5EE41B4173D600EBB034 /* Core */,
			);
			name = SDK;
			path = ..;
			sourceTree = "<group>";
		};
/* End PBXGroup section */

/* Begin PBXNativeTarget section */
		6EF264531B3C0F830099A657 /* StickerFactory */ = {
			isa = PBXNativeTarget;
			buildConfigurationList = 6EF264771B3C0F830099A657 /* Build configuration list for PBXNativeTarget "StickerFactory" */;
			buildPhases = (
				CE9DB4273D6D7C917EA92818 /* Check Pods Manifest.lock */,
				6EF264501B3C0F830099A657 /* Sources */,
				6EF264511B3C0F830099A657 /* Frameworks */,
				6EF264521B3C0F830099A657 /* Resources */,
				3818035BAD5BBEC0740E9E3A /* Copy Pods Resources */,
			);
			buildRules = (
			);
			dependencies = (
			);
			name = StickerFactory;
			productName = StickerFactory;
			productReference = 6EF264541B3C0F830099A657 /* StickerFactory.app */;
			productType = "com.apple.product-type.application";
		};
		6EF2646C1B3C0F830099A657 /* StickerFactoryTests */ = {
			isa = PBXNativeTarget;
			buildConfigurationList = 6EF2647A1B3C0F830099A657 /* Build configuration list for PBXNativeTarget "StickerFactoryTests" */;
			buildPhases = (
				6EF264691B3C0F830099A657 /* Sources */,
				6EF2646A1B3C0F830099A657 /* Frameworks */,
				6EF2646B1B3C0F830099A657 /* Resources */,
			);
			buildRules = (
			);
			dependencies = (
				6EF2646F1B3C0F830099A657 /* PBXTargetDependency */,
			);
			name = StickerFactoryTests;
			productName = StickerFactoryTests;
			productReference = 6EF2646D1B3C0F830099A657 /* StickerFactoryTests.xctest */;
			productType = "com.apple.product-type.bundle.unit-test";
		};
/* End PBXNativeTarget section */

/* Begin PBXProject section */
		6EF2644C1B3C0F830099A657 /* Project object */ = {
			isa = PBXProject;
			attributes = {
				LastUpgradeCheck = 0630;
				ORGANIZATIONNAME = "908 Inc";
				TargetAttributes = {
					6EF264531B3C0F830099A657 = {
						CreatedOnToolsVersion = 6.3.2;
					};
					6EF2646C1B3C0F830099A657 = {
						CreatedOnToolsVersion = 6.3.2;
						TestTargetID = 6EF264531B3C0F830099A657;
					};
				};
			};
			buildConfigurationList = 6EF2644F1B3C0F830099A657 /* Build configuration list for PBXProject "StickerFactory" */;
			compatibilityVersion = "Xcode 3.2";
			developmentRegion = English;
			hasScannedForEncodings = 0;
			knownRegions = (
				en,
				Base,
			);
			mainGroup = 6EF2644B1B3C0F830099A657;
			productRefGroup = 6EF264551B3C0F830099A657 /* Products */;
			projectDirPath = "";
			projectRoot = "";
			targets = (
				6EF264531B3C0F830099A657 /* StickerFactory */,
				6EF2646C1B3C0F830099A657 /* StickerFactoryTests */,
			);
		};
/* End PBXProject section */

/* Begin PBXResourcesBuildPhase section */
		6EF264521B3C0F830099A657 /* Resources */ = {
			isa = PBXResourcesBuildPhase;
			buildActionMask = 2147483647;
			files = (
				6EF264631B3C0F830099A657 /* Main.storyboard in Resources */,
				6EF264681B3C0F830099A657 /* LaunchScreen.xib in Resources */,
				6EADF3611B46B3CE008005E9 /* Media.xcassets in Resources */,
				6EF264651B3C0F830099A657 /* Images.xcassets in Resources */,
			);
			runOnlyForDeploymentPostprocessing = 0;
		};
		6EF2646B1B3C0F830099A657 /* Resources */ = {
			isa = PBXResourcesBuildPhase;
			buildActionMask = 2147483647;
			files = (
			);
			runOnlyForDeploymentPostprocessing = 0;
		};
/* End PBXResourcesBuildPhase section */

/* Begin PBXShellScriptBuildPhase section */
		3818035BAD5BBEC0740E9E3A /* Copy Pods Resources */ = {
			isa = PBXShellScriptBuildPhase;
			buildActionMask = 2147483647;
			files = (
			);
			inputPaths = (
			);
			name = "Copy Pods Resources";
			outputPaths = (
			);
			runOnlyForDeploymentPostprocessing = 0;
			shellPath = /bin/sh;
			shellScript = "\"${SRCROOT}/Pods/Target Support Files/Pods/Pods-resources.sh\"\n";
			showEnvVarsInLog = 0;
		};
		CE9DB4273D6D7C917EA92818 /* Check Pods Manifest.lock */ = {
			isa = PBXShellScriptBuildPhase;
			buildActionMask = 2147483647;
			files = (
			);
			inputPaths = (
			);
			name = "Check Pods Manifest.lock";
			outputPaths = (
			);
			runOnlyForDeploymentPostprocessing = 0;
			shellPath = /bin/sh;
			shellScript = "diff \"${PODS_ROOT}/../Podfile.lock\" \"${PODS_ROOT}/Manifest.lock\" > /dev/null\nif [[ $? != 0 ]] ; then\n    cat << EOM\nerror: The sandbox is not in sync with the Podfile.lock. Run 'pod install' or update your CocoaPods installation.\nEOM\n    exit 1\nfi\n";
			showEnvVarsInLog = 0;
		};
/* End PBXShellScriptBuildPhase section */

/* Begin PBXSourcesBuildPhase section */
		6EF264501B3C0F830099A657 /* Sources */ = {
			isa = PBXSourcesBuildPhase;
			buildActionMask = 2147483647;
			files = (
				6EADF3901B46B475008005E9 /* UIImage+Tint.m in Sources */,
				6EADF36A1B46B40F008005E9 /* STKAnalyticService.m in Sources */,
				6EADF3661B46B3FD008005E9 /* STKApiKeyManager.m in Sources */,
				6EF264601B3C0F830099A657 /* ViewController.m in Sources */,
				6EADF3911B46B475008005E9 /* UIImageView+Stickers.m in Sources */,
				6EADF37F1B46B43D008005E9 /* STKCoreDataService.m in Sources */,
				6EADF38E1B46B475008005E9 /* STKStickersManager.m in Sources */,
				6E776D691B4BB6B00001FBB6 /* STKStickerPanelCell.m in Sources */,
				6EADF3851B46B45A008005E9 /* STKStatistic.m in Sources */,
				6EADF37C1B46B43D008005E9 /* NSManagedObjectContext+STKAdditions.m in Sources */,
				6E776D621B4AC18A0001FBB6 /* STKStickerPanel.m in Sources */,
				6EADF3821B46B44D008005E9 /* _STKStatistic.m in Sources */,
				6EADF3671B46B3FD008005E9 /* STKUUIDManager.m in Sources */,
				6E776D661B4BB60C0001FBB6 /* STKStickerPanelLayout.m in Sources */,
				6EADF3701B46B41E008005E9 /* STKApiClient.m in Sources */,
				6EADF39B1B46D4EE008005E9 /* STKChatCell.m in Sources */,
				6E776D7F1B4BF6150001FBB6 /* STKSticker.m in Sources */,
				6EADF37D1B46B43D008005E9 /* NSPersistentStoreCoordinator+STKAdditions.m in Sources */,
				6EADF36F1B46B41E008005E9 /* STKAnalyticsAPIClient.m in Sources */,
				6EF2645D1B3C0F830099A657 /* AppDelegate.m in Sources */,
				6EADF37B1B46B43D008005E9 /* NSManagedObject+STKAdditions.m in Sources */,
				6E776D791B4BF5FF0001FBB6 /* _STKSticker.m in Sources */,
				6E776D7A1B4BF5FF0001FBB6 /* _STKStickerPack.m in Sources */,
				6EF2645A1B3C0F830099A657 /* main.m in Sources */,
				6EADF38F1B46B475008005E9 /* STKUtility.m in Sources */,
				6EADF37E1B46B43D008005E9 /* StickerModel.xcdatamodeld in Sources */,
				6EADF3981B46D13F008005E9 /* STKChatViewController.m in Sources */,
				6E776D721B4BEE110001FBB6 /* STKStickersApiClient.m in Sources */,
				6E776D6E1B4BE2260001FBB6 /* STKStickerPanelHeader.m in Sources */,
				6E776D801B4BF6150001FBB6 /* STKStickerPack.m in Sources */,
			);
			runOnlyForDeploymentPostprocessing = 0;
		};
		6EF264691B3C0F830099A657 /* Sources */ = {
			isa = PBXSourcesBuildPhase;
			buildActionMask = 2147483647;
			files = (
				6EF264741B3C0F830099A657 /* StickerFactoryTests.m in Sources */,
			);
			runOnlyForDeploymentPostprocessing = 0;
		};
/* End PBXSourcesBuildPhase section */

/* Begin PBXTargetDependency section */
		6EF2646F1B3C0F830099A657 /* PBXTargetDependency */ = {
			isa = PBXTargetDependency;
			target = 6EF264531B3C0F830099A657 /* StickerFactory */;
			targetProxy = 6EF2646E1B3C0F830099A657 /* PBXContainerItemProxy */;
		};
/* End PBXTargetDependency section */

/* Begin PBXVariantGroup section */
		6EF264611B3C0F830099A657 /* Main.storyboard */ = {
			isa = PBXVariantGroup;
			children = (
				6EF264621B3C0F830099A657 /* Base */,
			);
			name = Main.storyboard;
			sourceTree = "<group>";
		};
		6EF264661B3C0F830099A657 /* LaunchScreen.xib */ = {
			isa = PBXVariantGroup;
			children = (
				6EF264671B3C0F830099A657 /* Base */,
			);
			name = LaunchScreen.xib;
			sourceTree = "<group>";
		};
/* End PBXVariantGroup section */

/* Begin XCBuildConfiguration section */
		6EF264751B3C0F830099A657 /* Debug */ = {
			isa = XCBuildConfiguration;
			buildSettings = {
				ALWAYS_SEARCH_USER_PATHS = NO;
				CLANG_CXX_LANGUAGE_STANDARD = "gnu++0x";
				CLANG_CXX_LIBRARY = "libc++";
				CLANG_ENABLE_MODULES = YES;
				CLANG_ENABLE_OBJC_ARC = YES;
				CLANG_WARN_BOOL_CONVERSION = YES;
				CLANG_WARN_CONSTANT_CONVERSION = YES;
				CLANG_WARN_DIRECT_OBJC_ISA_USAGE = YES_ERROR;
				CLANG_WARN_EMPTY_BODY = YES;
				CLANG_WARN_ENUM_CONVERSION = YES;
				CLANG_WARN_INT_CONVERSION = YES;
				CLANG_WARN_OBJC_ROOT_CLASS = YES_ERROR;
				CLANG_WARN_UNREACHABLE_CODE = YES;
				CLANG_WARN__DUPLICATE_METHOD_MATCH = YES;
				"CODE_SIGN_IDENTITY[sdk=iphoneos*]" = "iPhone Developer";
				COPY_PHASE_STRIP = NO;
				DEBUG_INFORMATION_FORMAT = "dwarf-with-dsym";
				ENABLE_STRICT_OBJC_MSGSEND = YES;
				GCC_C_LANGUAGE_STANDARD = gnu99;
				GCC_DYNAMIC_NO_PIC = NO;
				GCC_NO_COMMON_BLOCKS = YES;
				GCC_OPTIMIZATION_LEVEL = 0;
				GCC_PREPROCESSOR_DEFINITIONS = (
					"DEBUG=1",
					"$(inherited)",
				);
				GCC_SYMBOLS_PRIVATE_EXTERN = NO;
				GCC_WARN_64_TO_32_BIT_CONVERSION = YES;
				GCC_WARN_ABOUT_RETURN_TYPE = YES_ERROR;
				GCC_WARN_UNDECLARED_SELECTOR = YES;
				GCC_WARN_UNINITIALIZED_AUTOS = YES_AGGRESSIVE;
				GCC_WARN_UNUSED_FUNCTION = YES;
				GCC_WARN_UNUSED_VARIABLE = YES;
				IPHONEOS_DEPLOYMENT_TARGET = 8.3;
				MTL_ENABLE_DEBUG_INFO = YES;
				ONLY_ACTIVE_ARCH = YES;
				SDKROOT = iphoneos;
				TARGETED_DEVICE_FAMILY = "1,2";
			};
			name = Debug;
		};
		6EF264761B3C0F830099A657 /* Release */ = {
			isa = XCBuildConfiguration;
			buildSettings = {
				ALWAYS_SEARCH_USER_PATHS = NO;
				CLANG_CXX_LANGUAGE_STANDARD = "gnu++0x";
				CLANG_CXX_LIBRARY = "libc++";
				CLANG_ENABLE_MODULES = YES;
				CLANG_ENABLE_OBJC_ARC = YES;
				CLANG_WARN_BOOL_CONVERSION = YES;
				CLANG_WARN_CONSTANT_CONVERSION = YES;
				CLANG_WARN_DIRECT_OBJC_ISA_USAGE = YES_ERROR;
				CLANG_WARN_EMPTY_BODY = YES;
				CLANG_WARN_ENUM_CONVERSION = YES;
				CLANG_WARN_INT_CONVERSION = YES;
				CLANG_WARN_OBJC_ROOT_CLASS = YES_ERROR;
				CLANG_WARN_UNREACHABLE_CODE = YES;
				CLANG_WARN__DUPLICATE_METHOD_MATCH = YES;
				"CODE_SIGN_IDENTITY[sdk=iphoneos*]" = "iPhone Developer";
				COPY_PHASE_STRIP = NO;
				DEBUG_INFORMATION_FORMAT = "dwarf-with-dsym";
				ENABLE_NS_ASSERTIONS = NO;
				ENABLE_STRICT_OBJC_MSGSEND = YES;
				GCC_C_LANGUAGE_STANDARD = gnu99;
				GCC_NO_COMMON_BLOCKS = YES;
				GCC_WARN_64_TO_32_BIT_CONVERSION = YES;
				GCC_WARN_ABOUT_RETURN_TYPE = YES_ERROR;
				GCC_WARN_UNDECLARED_SELECTOR = YES;
				GCC_WARN_UNINITIALIZED_AUTOS = YES_AGGRESSIVE;
				GCC_WARN_UNUSED_FUNCTION = YES;
				GCC_WARN_UNUSED_VARIABLE = YES;
				IPHONEOS_DEPLOYMENT_TARGET = 8.3;
				MTL_ENABLE_DEBUG_INFO = NO;
				SDKROOT = iphoneos;
				TARGETED_DEVICE_FAMILY = "1,2";
				VALIDATE_PRODUCT = YES;
			};
			name = Release;
		};
		6EF264781B3C0F830099A657 /* Debug */ = {
			isa = XCBuildConfiguration;
			baseConfigurationReference = 1AA04EB236AD472CD61382DF /* Pods.debug.xcconfig */;
			buildSettings = {
				ASSETCATALOG_COMPILER_APPICON_NAME = AppIcon;
				INFOPLIST_FILE = StickerFactory/Info.plist;
				LD_RUNPATH_SEARCH_PATHS = "$(inherited) @executable_path/Frameworks";
				PRODUCT_NAME = "$(TARGET_NAME)";
			};
			name = Debug;
		};
		6EF264791B3C0F830099A657 /* Release */ = {
			isa = XCBuildConfiguration;
			baseConfigurationReference = 5A4CC6B4D3CDAB1319028FAD /* Pods.release.xcconfig */;
			buildSettings = {
				ASSETCATALOG_COMPILER_APPICON_NAME = AppIcon;
				INFOPLIST_FILE = StickerFactory/Info.plist;
				LD_RUNPATH_SEARCH_PATHS = "$(inherited) @executable_path/Frameworks";
				PRODUCT_NAME = "$(TARGET_NAME)";
			};
			name = Release;
		};
		6EF2647B1B3C0F830099A657 /* Debug */ = {
			isa = XCBuildConfiguration;
			buildSettings = {
				BUNDLE_LOADER = "$(TEST_HOST)";
				FRAMEWORK_SEARCH_PATHS = (
					"$(SDKROOT)/Developer/Library/Frameworks",
					"$(inherited)",
				);
				GCC_PREPROCESSOR_DEFINITIONS = (
					"DEBUG=1",
					"$(inherited)",
				);
				INFOPLIST_FILE = StickerFactoryTests/Info.plist;
				LD_RUNPATH_SEARCH_PATHS = "$(inherited) @executable_path/Frameworks @loader_path/Frameworks";
				PRODUCT_NAME = "$(TARGET_NAME)";
				TEST_HOST = "$(BUILT_PRODUCTS_DIR)/StickerFactory.app/StickerFactory";
			};
			name = Debug;
		};
		6EF2647C1B3C0F830099A657 /* Release */ = {
			isa = XCBuildConfiguration;
			buildSettings = {
				BUNDLE_LOADER = "$(TEST_HOST)";
				FRAMEWORK_SEARCH_PATHS = (
					"$(SDKROOT)/Developer/Library/Frameworks",
					"$(inherited)",
				);
				INFOPLIST_FILE = StickerFactoryTests/Info.plist;
				LD_RUNPATH_SEARCH_PATHS = "$(inherited) @executable_path/Frameworks @loader_path/Frameworks";
				PRODUCT_NAME = "$(TARGET_NAME)";
				TEST_HOST = "$(BUILT_PRODUCTS_DIR)/StickerFactory.app/StickerFactory";
			};
			name = Release;
		};
/* End XCBuildConfiguration section */

/* Begin XCConfigurationList section */
		6EF2644F1B3C0F830099A657 /* Build configuration list for PBXProject "StickerFactory" */ = {
			isa = XCConfigurationList;
			buildConfigurations = (
				6EF264751B3C0F830099A657 /* Debug */,
				6EF264761B3C0F830099A657 /* Release */,
			);
			defaultConfigurationIsVisible = 0;
			defaultConfigurationName = Release;
		};
		6EF264771B3C0F830099A657 /* Build configuration list for PBXNativeTarget "StickerFactory" */ = {
			isa = XCConfigurationList;
			buildConfigurations = (
				6EF264781B3C0F830099A657 /* Debug */,
				6EF264791B3C0F830099A657 /* Release */,
			);
			defaultConfigurationIsVisible = 0;
			defaultConfigurationName = Release;
		};
		6EF2647A1B3C0F830099A657 /* Build configuration list for PBXNativeTarget "StickerFactoryTests" */ = {
			isa = XCConfigurationList;
			buildConfigurations = (
				6EF2647B1B3C0F830099A657 /* Debug */,
				6EF2647C1B3C0F830099A657 /* Release */,
			);
			defaultConfigurationIsVisible = 0;
			defaultConfigurationName = Release;
		};
/* End XCConfigurationList section */

/* Begin XCVersionGroup section */
		6EADF3771B46B43D008005E9 /* StickerModel.xcdatamodeld */ = {
			isa = XCVersionGroup;
			children = (
				6E776D731B4BF0EE0001FBB6 /* StickerModel 2.xcdatamodel */,
				6EADF3781B46B43D008005E9 /* StickerModel.xcdatamodel */,
			);
			currentVersion = 6E776D731B4BF0EE0001FBB6 /* StickerModel 2.xcdatamodel */;
			name = StickerModel.xcdatamodeld;
			path = StickerFactory/SDK/StickerModel.xcdatamodeld;
			sourceTree = "<group>";
			versionGroupType = wrapper.xcdatamodel;
		};
/* End XCVersionGroup section */
	};
	rootObject = 6EF2644C1B3C0F830099A657 /* Project object */;
}
